
Microsoft Visual Studio Solution File, Format Version 12.00
# Visual Studio Version 17
VisualStudioVersion = 17.11.35327.3
MinimumVisualStudioVersion = 10.0.40219.1
Project("{FAE04EC0-301F-11D3-BF4B-00C04F79EFBC}") = "TuotekuvastoApp", "TuotekuvastoApp.csproj", "{2047EEA4-7D9B-40C9-9BE9-EEF96E20C7BB}"
EndProject
Global
	GlobalSection(SolutionConfigurationPlatforms) = preSolution
		Debug|Any CPU = Debug|Any CPU
		Release|Any CPU = Release|Any CPU
	EndGlobalSection
	GlobalSection(ProjectConfigurationPlatforms) = postSolution
		{2047EEA4-7D9B-40C9-9BE9-EEF96E20C7BB}.Debug|Any CPU.ActiveCfg = Debug|Any CPU
		{2047EEA4-7D9B-40C9-9BE9-EEF96E20C7BB}.Debug|Any CPU.Build.0 = Debug|Any CPU
		{2047EEA4-7D9B-40C9-9BE9-EEF96E20C7BB}.Release|Any CPU.ActiveCfg = Release|Any CPU
		{2047EEA4-7D9B-40C9-9BE9-EEF96E20C7BB}.Release|Any CPU.Build.0 = Release|Any CPU
	EndGlobalSection
	GlobalSection(SolutionProperties) = preSolution
		HideSolutionNode = FALSE
	EndGlobalSection
	GlobalSection(ExtensibilityGlobals) = postSolution
		SolutionGuid = {03E51DA0-6D2D-42A9-BE8B-89B3C8731F00}
	EndGlobalSection
EndGlobal
